// !$*UTF8*$!
{
	archiveVersion = 1;
	classes = {
	};
	objectVersion = 50;
	objects = {

/* Begin PBXBuildFile section */
		830521532186629600832157 /* ProjectCellTableViewCell.swift in Sources */ = {isa = PBXBuildFile; fileRef = 830521522186629600832157 /* ProjectCellTableViewCell.swift */; };
		83933AD72184E3DA00D92257 /* ProjectsController.swift in Sources */ = {isa = PBXBuildFile; fileRef = 83933AD62184E3DA00D92257 /* ProjectsController.swift */; };
		940E7C32218CC30500FFFCD9 /* ProjectsDelegate.swift in Sources */ = {isa = PBXBuildFile; fileRef = 940E7C31218CC30500FFFCD9 /* ProjectsDelegate.swift */; };
		943224B42182650A00E9E8BC /* AppDelegate.swift in Sources */ = {isa = PBXBuildFile; fileRef = 943224B32182650A00E9E8BC /* AppDelegate.swift */; };
		943224B92182650A00E9E8BC /* Main.storyboard in Resources */ = {isa = PBXBuildFile; fileRef = 943224B72182650A00E9E8BC /* Main.storyboard */; };
		943224BC2182650A00E9E8BC /* kanbanv2.xcdatamodeld in Sources */ = {isa = PBXBuildFile; fileRef = 943224BA2182650A00E9E8BC /* kanbanv2.xcdatamodeld */; };
		943224BE2182650C00E9E8BC /* Assets.xcassets in Resources */ = {isa = PBXBuildFile; fileRef = 943224BD2182650C00E9E8BC /* Assets.xcassets */; };
		943224C12182650C00E9E8BC /* LaunchScreen.storyboard in Resources */ = {isa = PBXBuildFile; fileRef = 943224BF2182650C00E9E8BC /* LaunchScreen.storyboard */; };
		943224C92182C82000E9E8BC /* TaskController.swift in Sources */ = {isa = PBXBuildFile; fileRef = 943224C82182C82000E9E8BC /* TaskController.swift */; };
		943224CB2183E8B300E9E8BC /* DetailsController.swift in Sources */ = {isa = PBXBuildFile; fileRef = 943224CA2183E8B300E9E8BC /* DetailsController.swift */; };
		943224CE21841EBA00E9E8BC /* Projects+CoreDataClass.swift in Sources */ = {isa = PBXBuildFile; fileRef = 943224CC21841EBA00E9E8BC /* Projects+CoreDataClass.swift */; };
		943224CF21841EBA00E9E8BC /* Projects+CoreDataProperties.swift in Sources */ = {isa = PBXBuildFile; fileRef = 943224CD21841EBA00E9E8BC /* Projects+CoreDataProperties.swift */; };
/* End PBXBuildFile section */

/* Begin PBXFileReference section */
		830521522186629600832157 /* ProjectCellTableViewCell.swift */ = {isa = PBXFileReference; lastKnownFileType = sourcecode.swift; path = ProjectCellTableViewCell.swift; sourceTree = "<group>"; };
		8314C781218631490090D2EA /* kanbanv2.entitlements */ = {isa = PBXFileReference; lastKnownFileType = text.plist.entitlements; path = kanbanv2.entitlements; sourceTree = "<group>"; };
		83933AD62184E3DA00D92257 /* ProjectsController.swift */ = {isa = PBXFileReference; lastKnownFileType = sourcecode.swift; path = ProjectsController.swift; sourceTree = "<group>"; };
		940E7C31218CC30500FFFCD9 /* ProjectsDelegate.swift */ = {isa = PBXFileReference; lastKnownFileType = sourcecode.swift; path = ProjectsDelegate.swift; sourceTree = "<group>"; };
		943224B02182650A00E9E8BC /* kanbanv2.app */ = {isa = PBXFileReference; explicitFileType = wrapper.application; includeInIndex = 0; path = kanbanv2.app; sourceTree = BUILT_PRODUCTS_DIR; };
		943224B32182650A00E9E8BC /* AppDelegate.swift */ = {isa = PBXFileReference; lastKnownFileType = sourcecode.swift; path = AppDelegate.swift; sourceTree = "<group>"; };
		943224B82182650A00E9E8BC /* Base */ = {isa = PBXFileReference; lastKnownFileType = file.storyboard; name = Base; path = Base.lproj/Main.storyboard; sourceTree = "<group>"; };
		943224BB2182650A00E9E8BC /* kanbanv2.xcdatamodel */ = {isa = PBXFileReference; lastKnownFileType = wrapper.xcdatamodel; path = kanbanv2.xcdatamodel; sourceTree = "<group>"; };
		943224BD2182650C00E9E8BC /* Assets.xcassets */ = {isa = PBXFileReference; lastKnownFileType = folder.assetcatalog; path = Assets.xcassets; sourceTree = "<group>"; };
		943224C02182650C00E9E8BC /* Base */ = {isa = PBXFileReference; lastKnownFileType = file.storyboard; name = Base; path = Base.lproj/LaunchScreen.storyboard; sourceTree = "<group>"; };
		943224C22182650C00E9E8BC /* Info.plist */ = {isa = PBXFileReference; lastKnownFileType = text.plist.xml; path = Info.plist; sourceTree = "<group>"; };
		943224C82182C82000E9E8BC /* TaskController.swift */ = {isa = PBXFileReference; lastKnownFileType = sourcecode.swift; path = TaskController.swift; sourceTree = "<group>"; };
		943224CA2183E8B300E9E8BC /* DetailsController.swift */ = {isa = PBXFileReference; lastKnownFileType = sourcecode.swift; path = DetailsController.swift; sourceTree = "<group>"; };
		943224CC21841EBA00E9E8BC /* Projects+CoreDataClass.swift */ = {isa = PBXFileReference; lastKnownFileType = sourcecode.swift; name = "Projects+CoreDataClass.swift"; path = "kanbanv2/Projects+CoreDataClass.swift"; sourceTree = "<group>"; };
		943224CD21841EBA00E9E8BC /* Projects+CoreDataProperties.swift */ = {isa = PBXFileReference; lastKnownFileType = sourcecode.swift; name = "Projects+CoreDataProperties.swift"; path = "kanbanv2/Projects+CoreDataProperties.swift"; sourceTree = "<group>"; };
/* End PBXFileReference section */

/* Begin PBXFrameworksBuildPhase section */
		943224AD2182650A00E9E8BC /* Frameworks */ = {
			isa = PBXFrameworksBuildPhase;
			buildActionMask = 2147483647;
			files = (
			);
			runOnlyForDeploymentPostprocessing = 0;
		};
/* End PBXFrameworksBuildPhase section */

/* Begin PBXGroup section */
		8314C77E218631490090D2EA /* Frameworks */ = {
			isa = PBXGroup;
			children = (
			);
			name = Frameworks;
			sourceTree = "<group>";
		};
		943224A72182650A00E9E8BC = {
			isa = PBXGroup;
			children = (
				943224CC21841EBA00E9E8BC /* Projects+CoreDataClass.swift */,
				943224CD21841EBA00E9E8BC /* Projects+CoreDataProperties.swift */,
				943224B22182650A00E9E8BC /* kanbanv2 */,
				943224B12182650A00E9E8BC /* Products */,
				8314C77E218631490090D2EA /* Frameworks */,
			);
			sourceTree = "<group>";
		};
		943224B12182650A00E9E8BC /* Products */ = {
			isa = PBXGroup;
			children = (
				943224B02182650A00E9E8BC /* kanbanv2.app */,
			);
			name = Products;
			sourceTree = "<group>";
		};
		943224B22182650A00E9E8BC /* kanbanv2 */ = {
			isa = PBXGroup;
			children = (
				8314C781218631490090D2EA /* kanbanv2.entitlements */,
				943224B32182650A00E9E8BC /* AppDelegate.swift */,
				943224CA2183E8B300E9E8BC /* DetailsController.swift */,
				83933AD62184E3DA00D92257 /* ProjectsController.swift */,
				830521522186629600832157 /* ProjectCellTableViewCell.swift */,
				943224C82182C82000E9E8BC /* TaskController.swift */,
				943224B72182650A00E9E8BC /* Main.storyboard */,
				943224BD2182650C00E9E8BC /* Assets.xcassets */,
				943224BF2182650C00E9E8BC /* LaunchScreen.storyboard */,
				943224C22182650C00E9E8BC /* Info.plist */,
				943224BA2182650A00E9E8BC /* kanbanv2.xcdatamodeld */,
				940E7C31218CC30500FFFCD9 /* ProjectsDelegate.swift */,
			);
			path = kanbanv2;
			sourceTree = "<group>";
		};
/* End PBXGroup section */

/* Begin PBXNativeTarget section */
		943224AF2182650A00E9E8BC /* kanbanv2 */ = {
			isa = PBXNativeTarget;
			buildConfigurationList = 943224C52182650C00E9E8BC /* Build configuration list for PBXNativeTarget "kanbanv2" */;
			buildPhases = (
				943224AC2182650A00E9E8BC /* Sources */,
				943224AD2182650A00E9E8BC /* Frameworks */,
				943224AE2182650A00E9E8BC /* Resources */,
			);
			buildRules = (
			);
			dependencies = (
			);
			name = kanbanv2;
			productName = kanbanv2;
			productReference = 943224B02182650A00E9E8BC /* kanbanv2.app */;
			productType = "com.apple.product-type.application";
		};
/* End PBXNativeTarget section */

/* Begin PBXProject section */
		943224A82182650A00E9E8BC /* Project object */ = {
			isa = PBXProject;
			attributes = {
				LastSwiftUpdateCheck = 1000;
				LastUpgradeCheck = 1000;
				ORGANIZATIONNAME = Ryan;
				TargetAttributes = {
					943224AF2182650A00E9E8BC = {
						CreatedOnToolsVersion = 10.0;
						SystemCapabilities = {
							com.apple.Push = {
								enabled = 1;
							};
							com.apple.Wallet = {
								enabled = 0;
							};
						};
					};
				};
			};
			buildConfigurationList = 943224AB2182650A00E9E8BC /* Build configuration list for PBXProject "kanbanv2" */;
			compatibilityVersion = "Xcode 9.3";
			developmentRegion = en;
			hasScannedForEncodings = 0;
			knownRegions = (
				en,
				Base,
			);
			mainGroup = 943224A72182650A00E9E8BC;
			productRefGroup = 943224B12182650A00E9E8BC /* Products */;
			projectDirPath = "";
			projectRoot = "";
			targets = (
				943224AF2182650A00E9E8BC /* kanbanv2 */,
			);
		};
/* End PBXProject section */

/* Begin PBXResourcesBuildPhase section */
		943224AE2182650A00E9E8BC /* Resources */ = {
			isa = PBXResourcesBuildPhase;
			buildActionMask = 2147483647;
			files = (
				943224C12182650C00E9E8BC /* LaunchScreen.storyboard in Resources */,
				943224BE2182650C00E9E8BC /* Assets.xcassets in Resources */,
				943224B92182650A00E9E8BC /* Main.storyboard in Resources */,
			);
			runOnlyForDeploymentPostprocessing = 0;
		};
/* End PBXResourcesBuildPhase section */

/* Begin PBXSourcesBuildPhase section */
		943224AC2182650A00E9E8BC /* Sources */ = {
			isa = PBXSourcesBuildPhase;
			buildActionMask = 2147483647;
			files = (
				943224CF21841EBA00E9E8BC /* Projects+CoreDataProperties.swift in Sources */,
				943224B42182650A00E9E8BC /* AppDelegate.swift in Sources */,
				940E7C32218CC30500FFFCD9 /* ProjectsDelegate.swift in Sources */,
				943224CB2183E8B300E9E8BC /* DetailsController.swift in Sources */,
				830521532186629600832157 /* ProjectCellTableViewCell.swift in Sources */,
				83933AD72184E3DA00D92257 /* ProjectsController.swift in Sources */,
				943224CE21841EBA00E9E8BC /* Projects+CoreDataClass.swift in Sources */,
				943224C92182C82000E9E8BC /* TaskController.swift in Sources */,
				943224BC2182650A00E9E8BC /* kanbanv2.xcdatamodeld in Sources */,
			);
			runOnlyForDeploymentPostprocessing = 0;
		};
/* End PBXSourcesBuildPhase section */

/* Begin PBXVariantGroup section */
		943224B72182650A00E9E8BC /* Main.storyboard */ = {
			isa = PBXVariantGroup;
			children = (
				943224B82182650A00E9E8BC /* Base */,
			);
			name = Main.storyboard;
			sourceTree = "<group>";
		};
		943224BF2182650C00E9E8BC /* LaunchScreen.storyboard */ = {
			isa = PBXVariantGroup;
			children = (
				943224C02182650C00E9E8BC /* Base */,
			);
			name = LaunchScreen.storyboard;
			sourceTree = "<group>";
		};
/* End PBXVariantGroup section */

/* Begin XCBuildConfiguration section */
		943224C32182650C00E9E8BC /* Debug */ = {
			isa = XCBuildConfiguration;
			buildSettings = {
				ALWAYS_SEARCH_USER_PATHS = NO;
				CLANG_ANALYZER_NONNULL = YES;
				CLANG_ANALYZER_NUMBER_OBJECT_CONVERSION = YES_AGGRESSIVE;
				CLANG_CXX_LANGUAGE_STANDARD = "gnu++14";
				CLANG_CXX_LIBRARY = "libc++";
				CLANG_ENABLE_MODULES = YES;
				CLANG_ENABLE_OBJC_ARC = YES;
				CLANG_ENABLE_OBJC_WEAK = YES;
				CLANG_WARN_BLOCK_CAPTURE_AUTORELEASING = YES;
				CLANG_WARN_BOOL_CONVERSION = YES;
				CLANG_WARN_COMMA = YES;
				CLANG_WARN_CONSTANT_CONVERSION = YES;
				CLANG_WARN_DEPRECATED_OBJC_IMPLEMENTATIONS = YES;
				CLANG_WARN_DIRECT_OBJC_ISA_USAGE = YES_ERROR;
				CLANG_WARN_DOCUMENTATION_COMMENTS = YES;
				CLANG_WARN_EMPTY_BODY = YES;
				CLANG_WARN_ENUM_CONVERSION = YES;
				CLANG_WARN_INFINITE_RECURSION = YES;
				CLANG_WARN_INT_CONVERSION = YES;
				CLANG_WARN_NON_LITERAL_NULL_CONVERSION = YES;
				CLANG_WARN_OBJC_IMPLICIT_RETAIN_SELF = YES;
				CLANG_WARN_OBJC_LITERAL_CONVERSION = YES;
				CLANG_WARN_OBJC_ROOT_CLASS = YES_ERROR;
				CLANG_WARN_RANGE_LOOP_ANALYSIS = YES;
				CLANG_WARN_STRICT_PROTOTYPES = YES;
				CLANG_WARN_SUSPICIOUS_MOVE = YES;
				CLANG_WARN_UNGUARDED_AVAILABILITY = YES_AGGRESSIVE;
				CLANG_WARN_UNREACHABLE_CODE = YES;
				CLANG_WARN__DUPLICATE_METHOD_MATCH = YES;
				CODE_SIGN_IDENTITY = "iPhone Developer";
				COPY_PHASE_STRIP = NO;
				DEBUG_INFORMATION_FORMAT = dwarf;
				ENABLE_STRICT_OBJC_MSGSEND = YES;
				ENABLE_TESTABILITY = YES;
				GCC_C_LANGUAGE_STANDARD = gnu11;
				GCC_DYNAMIC_NO_PIC = NO;
				GCC_NO_COMMON_BLOCKS = YES;
				GCC_OPTIMIZATION_LEVEL = 0;
				GCC_PREPROCESSOR_DEFINITIONS = (
					"DEBUG=1",
					"$(inherited)",
				);
				GCC_WARN_64_TO_32_BIT_CONVERSION = YES;
				GCC_WARN_ABOUT_RETURN_TYPE = YES_ERROR;
				GCC_WARN_UNDECLARED_SELECTOR = YES;
				GCC_WARN_UNINITIALIZED_AUTOS = YES_AGGRESSIVE;
				GCC_WARN_UNUSED_FUNCTION = YES;
				GCC_WARN_UNUSED_VARIABLE = YES;
				IPHONEOS_DEPLOYMENT_TARGET = 12.0;
				MTL_ENABLE_DEBUG_INFO = INCLUDE_SOURCE;
				MTL_FAST_MATH = YES;
				ONLY_ACTIVE_ARCH = YES;
				SDKROOT = iphoneos;
				SWIFT_ACTIVE_COMPILATION_CONDITIONS = DEBUG;
				SWIFT_OPTIMIZATION_LEVEL = "-Onone";
			};
			name = Debug;
		};
		943224C42182650C00E9E8BC /* Release */ = {
			isa = XCBuildConfiguration;
			buildSettings = {
				ALWAYS_SEARCH_USER_PATHS = NO;
				CLANG_ANALYZER_NONNULL = YES;
				CLANG_ANALYZER_NUMBER_OBJECT_CONVERSION = YES_AGGRESSIVE;
				CLANG_CXX_LANGUAGE_STANDARD = "gnu++14";
				CLANG_CXX_LIBRARY = "libc++";
				CLANG_ENABLE_MODULES = YES;
				CLANG_ENABLE_OBJC_ARC = YES;
				CLANG_ENABLE_OBJC_WEAK = YES;
				CLANG_WARN_BLOCK_CAPTURE_AUTORELEASING = YES;
				CLANG_WARN_BOOL_CONVERSION = YES;
				CLANG_WARN_COMMA = YES;
				CLANG_WARN_CONSTANT_CONVERSION = YES;
				CLANG_WARN_DEPRECATED_OBJC_IMPLEMENTATIONS = YES;
				CLANG_WARN_DIRECT_OBJC_ISA_USAGE = YES_ERROR;
				CLANG_WARN_DOCUMENTATION_COMMENTS = YES;
				CLANG_WARN_EMPTY_BODY = YES;
				CLANG_WARN_ENUM_CONVERSION = YES;
				CLANG_WARN_INFINITE_RECURSION = YES;
				CLANG_WARN_INT_CONVERSION = YES;
				CLANG_WARN_NON_LITERAL_NULL_CONVERSION = YES;
				CLANG_WARN_OBJC_IMPLICIT_RETAIN_SELF = YES;
				CLANG_WARN_OBJC_LITERAL_CONVERSION = YES;
				CLANG_WARN_OBJC_ROOT_CLASS = YES_ERROR;
				CLANG_WARN_RANGE_LOOP_ANALYSIS = YES;
				CLANG_WARN_STRICT_PROTOTYPES = YES;
				CLANG_WARN_SUSPICIOUS_MOVE = YES;
				CLANG_WARN_UNGUARDED_AVAILABILITY = YES_AGGRESSIVE;
				CLANG_WARN_UNREACHABLE_CODE = YES;
				CLANG_WARN__DUPLICATE_METHOD_MATCH = YES;
				CODE_SIGN_IDENTITY = "iPhone Developer";
				COPY_PHASE_STRIP = NO;
				DEBUG_INFORMATION_FORMAT = "dwarf-with-dsym";
				ENABLE_NS_ASSERTIONS = NO;
				ENABLE_STRICT_OBJC_MSGSEND = YES;
				GCC_C_LANGUAGE_STANDARD = gnu11;
				GCC_NO_COMMON_BLOCKS = YES;
				GCC_WARN_64_TO_32_BIT_CONVERSION = YES;
				GCC_WARN_ABOUT_RETURN_TYPE = YES_ERROR;
				GCC_WARN_UNDECLARED_SELECTOR = YES;
				GCC_WARN_UNINITIALIZED_AUTOS = YES_AGGRESSIVE;
				GCC_WARN_UNUSED_FUNCTION = YES;
				GCC_WARN_UNUSED_VARIABLE = YES;
				IPHONEOS_DEPLOYMENT_TARGET = 12.0;
				MTL_ENABLE_DEBUG_INFO = NO;
				MTL_FAST_MATH = YES;
				SDKROOT = iphoneos;
				SWIFT_COMPILATION_MODE = wholemodule;
				SWIFT_OPTIMIZATION_LEVEL = "-O";
				VALIDATE_PRODUCT = YES;
			};
			name = Release;
		};
		943224C62182650C00E9E8BC /* Debug */ = {
			isa = XCBuildConfiguration;
			buildSettings = {
				ASSETCATALOG_COMPILER_APPICON_NAME = AppIcon;
				CODE_SIGN_ENTITLEMENTS = kanbanv2/kanbanv2.entitlements;
				CODE_SIGN_STYLE = Automatic;
				DEVELOPMENT_TEAM = N6RP3H788Z;
				INFOPLIST_FILE = kanbanv2/Info.plist;
				IPHONEOS_DEPLOYMENT_TARGET = 11.2;
				LD_RUNPATH_SEARCH_PATHS = (
					"$(inherited)",
					"@executable_path/Frameworks",
				);
				PRODUCT_BUNDLE_IDENTIFIER = ca.bcit.comp4977.ryanj.kanbanv2;
				PRODUCT_NAME = "$(TARGET_NAME)";
				SWIFT_VERSION = 4.2;
				TARGETED_DEVICE_FAMILY = "1,2";
			};
			name = Debug;
		};
		943224C72182650C00E9E8BC /* Release */ = {
			isa = XCBuildConfiguration;
			buildSettings = {
				ASSETCATALOG_COMPILER_APPICON_NAME = AppIcon;
				CODE_SIGN_ENTITLEMENTS = kanbanv2/kanbanv2.entitlements;
				CODE_SIGN_STYLE = Automatic;
				DEVELOPMENT_TEAM = N6RP3H788Z;
				INFOPLIST_FILE = kanbanv2/Info.plist;
				IPHONEOS_DEPLOYMENT_TARGET = 11.2;
				LD_RUNPATH_SEARCH_PATHS = (
					"$(inherited)",
					"@executable_path/Frameworks",
				);
				PRODUCT_BUNDLE_IDENTIFIER = ca.bcit.comp4977.ryanj.kanbanv2;
				PRODUCT_NAME = "$(TARGET_NAME)";
				SWIFT_VERSION = 4.2;
				TARGETED_DEVICE_FAMILY = "1,2";
			};
			name = Release;
		};
/* End XCBuildConfiguration section */

/* Begin XCConfigurationList section */
		943224AB2182650A00E9E8BC /* Build configuration list for PBXProject "kanbanv2" */ = {
			isa = XCConfigurationList;
			buildConfigurations = (
				943224C32182650C00E9E8BC /* Debug */,
				943224C42182650C00E9E8BC /* Release */,
			);
			defaultConfigurationIsVisible = 0;
			defaultConfigurationName = Release;
		};
		943224C52182650C00E9E8BC /* Build configuration list for PBXNativeTarget "kanbanv2" */ = {
			isa = XCConfigurationList;
			buildConfigurations = (
				943224C62182650C00E9E8BC /* Debug */,
				943224C72182650C00E9E8BC /* Release */,
			);
			defaultConfigurationIsVisible = 0;
			defaultConfigurationName = Release;
		};
/* End XCConfigurationList section */

/* Begin XCVersionGroup section */
		943224BA2182650A00E9E8BC /* kanbanv2.xcdatamodeld */ = {
			isa = XCVersionGroup;
			children = (
				943224BB2182650A00E9E8BC /* kanbanv2.xcdatamodel */,
			);
			currentVersion = 943224BB2182650A00E9E8BC /* kanbanv2.xcdatamodel */;
			path = kanbanv2.xcdatamodeld;
			sourceTree = "<group>";
			versionGroupType = wrapper.xcdatamodel;
		};
/* End XCVersionGroup section */
	};
	rootObject = 943224A82182650A00E9E8BC /* Project object */;
}
